
Microsoft Visual Studio Solution File, Format Version 12.00
# Visual Studio Version 17
VisualStudioVersion = 17.4.33110.190
MinimumVisualStudioVersion = 10.0.40219.1
Project("{FAE04EC0-301F-11D3-BF4B-00C04F79EFBC}") = "Non_ML_API", "Non_ML_API\Non_ML_API.csproj", "{BB856776-2BDA-497E-A5DE-07C7289CC7FB}"
EndProject
Global
	GlobalSection(SolutionConfigurationPlatforms) = preSolution
		Debug|Any CPU = Debug|Any CPU
		Release|Any CPU = Release|Any CPU
	EndGlobalSection
	GlobalSection(ProjectConfigurationPlatforms) = postSolution
		{BB856776-2BDA-497E-A5DE-07C7289CC7FB}.Debug|Any CPU.ActiveCfg = Debug|Any CPU
		{BB856776-2BDA-497E-A5DE-07C7289CC7FB}.Debug|Any CPU.Build.0 = Debug|Any CPU
		{BB856776-2BDA-497E-A5DE-07C7289CC7FB}.Release|Any CPU.ActiveCfg = Release|Any CPU
		{BB856776-2BDA-497E-A5DE-07C7289CC7FB}.Release|Any CPU.Build.0 = Release|Any CPU
	EndGlobalSection
	GlobalSection(SolutionProperties) = preSolution
		HideSolutionNode = FALSE
	EndGlobalSection
	GlobalSection(ExtensibilityGlobals) = postSolution
		SolutionGuid = {0D551E1E-45DB-431F-8F1B-C579BBB9C16B}
	EndGlobalSection
EndGlobal
